
Microsoft Visual Studio Solution File, Format Version 12.00
# Visual Studio Version 16
VisualStudioVersion = 25.0.1706.5
MinimumVisualStudioVersion = 10.0.40219.1
Project("{FAE04EC0-301F-11D3-BF4B-00C04F79EFBC}") = "LibraryServiceAPI", "LibraryServiceAPI\LibraryServiceAPI.csproj", "{0FCD6DEE-3418-47A9-A183-953902D03858}"
EndProject
Global
	GlobalSection(SolutionConfigurationPlatforms) = preSolution
		Debug|Any CPU = Debug|Any CPU
		Release|Any CPU = Release|Any CPU
	EndGlobalSection
	GlobalSection(ProjectConfigurationPlatforms) = postSolution
		{0FCD6DEE-3418-47A9-A183-953902D03858}.Debug|Any CPU.ActiveCfg = Debug|Any CPU
		{0FCD6DEE-3418-47A9-A183-953902D03858}.Debug|Any CPU.Build.0 = Debug|Any CPU
		{0FCD6DEE-3418-47A9-A183-953902D03858}.Release|Any CPU.ActiveCfg = Release|Any CPU
		{0FCD6DEE-3418-47A9-A183-953902D03858}.Release|Any CPU.Build.0 = Release|Any CPU
	EndGlobalSection
	GlobalSection(SolutionProperties) = preSolution
		HideSolutionNode = FALSE
	EndGlobalSection
	GlobalSection(ExtensibilityGlobals) = postSolution
		SolutionGuid = {657FBA56-CB64-4C00-B07B-F41B27567D3A}
	EndGlobalSection
EndGlobal
